// !$*UTF8*$!
{
	archiveVersion = 1;
	classes = {
	};
	objectVersion = 50;
	objects = {

/* Begin PBXBuildFile section */
		625B0DC624516C5300BEA2BC /* AppDelegate.swift in Sources */ = {isa = PBXBuildFile; fileRef = 625B0DC524516C5300BEA2BC /* AppDelegate.swift */; };
		625B0DC824516C5300BEA2BC /* SceneDelegate.swift in Sources */ = {isa = PBXBuildFile; fileRef = 625B0DC724516C5300BEA2BC /* SceneDelegate.swift */; };
		625B0DCA24516C5300BEA2BC /* ContentView.swift in Sources */ = {isa = PBXBuildFile; fileRef = 625B0DC924516C5300BEA2BC /* ContentView.swift */; };
		625B0DCC24516C5500BEA2BC /* Assets.xcassets in Resources */ = {isa = PBXBuildFile; fileRef = 625B0DCB24516C5500BEA2BC /* Assets.xcassets */; };
		625B0DCF24516C5500BEA2BC /* Preview Assets.xcassets in Resources */ = {isa = PBXBuildFile; fileRef = 625B0DCE24516C5500BEA2BC /* Preview Assets.xcassets */; };
		625B0DD224516C5500BEA2BC /* LaunchScreen.storyboard in Resources */ = {isa = PBXBuildFile; fileRef = 625B0DD024516C5500BEA2BC /* LaunchScreen.storyboard */; };
/* End PBXBuildFile section */

/* Begin PBXFileReference section */
		625B0DC224516C5300BEA2BC /* gps-telling.app */ = {isa = PBXFileReference; explicitFileType = wrapper.application; includeInIndex = 0; path = "gps-telling.app"; sourceTree = BUILT_PRODUCTS_DIR; };
		625B0DC524516C5300BEA2BC /* AppDelegate.swift */ = {isa = PBXFileReference; lastKnownFileType = sourcecode.swift; path = AppDelegate.swift; sourceTree = "<group>"; };
		625B0DC724516C5300BEA2BC /* SceneDelegate.swift */ = {isa = PBXFileReference; lastKnownFileType = sourcecode.swift; path = SceneDelegate.swift; sourceTree = "<group>"; };
		625B0DC924516C5300BEA2BC /* ContentView.swift */ = {isa = PBXFileReference; lastKnownFileType = sourcecode.swift; path = ContentView.swift; sourceTree = "<group>"; };
		625B0DCB24516C5500BEA2BC /* Assets.xcassets */ = {isa = PBXFileReference; lastKnownFileType = folder.assetcatalog; path = Assets.xcassets; sourceTree = "<group>"; };
		625B0DCE24516C5500BEA2BC /* Preview Assets.xcassets */ = {isa = PBXFileReference; lastKnownFileType = folder.assetcatalog; path = "Preview Assets.xcassets"; sourceTree = "<group>"; };
		625B0DD124516C5500BEA2BC /* Base */ = {isa = PBXFileReference; lastKnownFileType = file.storyboard; name = Base; path = Base.lproj/LaunchScreen.storyboard; sourceTree = "<group>"; };
		625B0DD324516C5500BEA2BC /* Info.plist */ = {isa = PBXFileReference; lastKnownFileType = text.plist.xml; path = Info.plist; sourceTree = "<group>"; };
/* End PBXFileReference section */

/* Begin PBXFrameworksBuildPhase section */
		625B0DBF24516C5300BEA2BC /* Frameworks */ = {
			isa = PBXFrameworksBuildPhase;
			buildActionMask = 2147483647;
			files = (
			);
			runOnlyForDeploymentPostprocessing = 0;
		};
/* End PBXFrameworksBuildPhase section */

/* Begin PBXGroup section */
		625B0DB924516C5300BEA2BC = {
			isa = PBXGroup;
			children = (
				625B0DC424516C5300BEA2BC /* gps-telling */,
				625B0DC324516C5300BEA2BC /* Products */,
			);
			sourceTree = "<group>";
		};
		625B0DC324516C5300BEA2BC /* Products */ = {
			isa = PBXGroup;
			children = (
				625B0DC224516C5300BEA2BC /* gps-telling.app */,
			);
			name = Products;
			sourceTree = "<group>";
		};
		625B0DC424516C5300BEA2BC /* gps-telling */ = {
			isa = PBXGroup;
			children = (
				625B0DC524516C5300BEA2BC /* AppDelegate.swift */,
				625B0DC724516C5300BEA2BC /* SceneDelegate.swift */,
				625B0DC924516C5300BEA2BC /* ContentView.swift */,
				625B0DCB24516C5500BEA2BC /* Assets.xcassets */,
				625B0DD024516C5500BEA2BC /* LaunchScreen.storyboard */,
				625B0DD324516C5500BEA2BC /* Info.plist */,
				625B0DCD24516C5500BEA2BC /* Preview Content */,
			);
			path = "gps-telling";
			sourceTree = "<group>";
		};
		625B0DCD24516C5500BEA2BC /* Preview Content */ = {
			isa = PBXGroup;
			children = (
				625B0DCE24516C5500BEA2BC /* Preview Assets.xcassets */,
			);
			path = "Preview Content";
			sourceTree = "<group>";
		};
/* End PBXGroup section */

/* Begin PBXNativeTarget section */
		625B0DC124516C5300BEA2BC /* gps-telling */ = {
			isa = PBXNativeTarget;
			buildConfigurationList = 625B0DD624516C5500BEA2BC /* Build configuration list for PBXNativeTarget "gps-telling" */;
			buildPhases = (
				625B0DBE24516C5300BEA2BC /* Sources */,
				625B0DBF24516C5300BEA2BC /* Frameworks */,
				625B0DC024516C5300BEA2BC /* Resources */,
			);
			buildRules = (
			);
			dependencies = (
			);
			name = "gps-telling";
			productName = "gps-telling";
			productReference = 625B0DC224516C5300BEA2BC /* gps-telling.app */;
			productType = "com.apple.product-type.application";
		};
/* End PBXNativeTarget section */

/* Begin PBXProject section */
		625B0DBA24516C5300BEA2BC /* Project object */ = {
			isa = PBXProject;
			attributes = {
				LastSwiftUpdateCheck = 1140;
				LastUpgradeCheck = 1140;
				ORGANIZATIONNAME = Aoikazto;
				TargetAttributes = {
					625B0DC124516C5300BEA2BC = {
						CreatedOnToolsVersion = 11.4;
					};
				};
			};
			buildConfigurationList = 625B0DBD24516C5300BEA2BC /* Build configuration list for PBXProject "gps-telling" */;
			compatibilityVersion = "Xcode 9.3";
			developmentRegion = en;
			hasScannedForEncodings = 0;
			knownRegions = (
				en,
				Base,
			);
			mainGroup = 625B0DB924516C5300BEA2BC;
			productRefGroup = 625B0DC324516C5300BEA2BC /* Products */;
			projectDirPath = "";
			projectRoot = "";
			targets = (
				625B0DC124516C5300BEA2BC /* gps-telling */,
			);
		};
/* End PBXProject section */

/* Begin PBXResourcesBuildPhase section */
		625B0DC024516C5300BEA2BC /* Resources */ = {
			isa = PBXResourcesBuildPhase;
			buildActionMask = 2147483647;
			files = (
				625B0DD224516C5500BEA2BC /* LaunchScreen.storyboard in Resources */,
				625B0DCF24516C5500BEA2BC /* Preview Assets.xcassets in Resources */,
				625B0DCC24516C5500BEA2BC /* Assets.xcassets in Resources */,
			);
			runOnlyForDeploymentPostprocessing = 0;
		};
/* End PBXResourcesBuildPhase section */

/* Begin PBXSourcesBuildPhase section */
		625B0DBE24516C5300BEA2BC /* Sources */ = {
			isa = PBXSourcesBuildPhase;
			buildActionMask = 2147483647;
			files = (
				625B0DC624516C5300BEA2BC /* AppDelegate.swift in Sources */,
				625B0DC824516C5300BEA2BC /* SceneDelegate.swift in Sources */,
				625B0DCA24516C5300BEA2BC /* ContentView.swift in Sources */,
			);
			runOnlyForDeploymentPostprocessing = 0;
		};
/* End PBXSourcesBuildPhase section */

/* Begin PBXVariantGroup section */
		625B0DD024516C5500BEA2BC /* LaunchScreen.storyboard */ = {
			isa = PBXVariantGroup;
			children = (
				625B0DD124516C5500BEA2BC /* Base */,
			);
			name = LaunchScreen.storyboard;
			sourceTree = "<group>";
		};
/* End PBXVariantGroup section */

/* Begin XCBuildConfiguration section */
		625B0DD424516C5500BEA2BC /* Debug */ = {
			isa = XCBuildConfiguration;
			buildSettings = {
				ALWAYS_SEARCH_USER_PATHS = NO;
				CLANG_ANALYZER_NONNULL = YES;
				CLANG_ANALYZER_NUMBER_OBJECT_CONVERSION = YES_AGGRESSIVE;
				CLANG_CXX_LANGUAGE_STANDARD = "gnu++14";
				CLANG_CXX_LIBRARY = "libc++";
				CLANG_ENABLE_MODULES = YES;
				CLANG_ENABLE_OBJC_ARC = YES;
				CLANG_ENABLE_OBJC_WEAK = YES;
				CLANG_WARN_BLOCK_CAPTURE_AUTORELEASING = YES;
				CLANG_WARN_BOOL_CONVERSION = YES;
				CLANG_WARN_COMMA = YES;
				CLANG_WARN_CONSTANT_CONVERSION = YES;
				CLANG_WARN_DEPRECATED_OBJC_IMPLEMENTATIONS = YES;
				CLANG_WARN_DIRECT_OBJC_ISA_USAGE = YES_ERROR;
				CLANG_WARN_DOCUMENTATION_COMMENTS = YES;
				CLANG_WARN_EMPTY_BODY = YES;
				CLANG_WARN_ENUM_CONVERSION = YES;
				CLANG_WARN_INFINITE_RECURSION = YES;
				CLANG_WARN_INT_CONVERSION = YES;
				CLANG_WARN_NON_LITERAL_NULL_CONVERSION = YES;
				CLANG_WARN_OBJC_IMPLICIT_RETAIN_SELF = YES;
				CLANG_WARN_OBJC_LITERAL_CONVERSION = YES;
				CLANG_WARN_OBJC_ROOT_CLASS = YES_ERROR;
				CLANG_WARN_RANGE_LOOP_ANALYSIS = YES;
				CLANG_WARN_STRICT_PROTOTYPES = YES;
				CLANG_WARN_SUSPICIOUS_MOVE = YES;
				CLANG_WARN_UNGUARDED_AVAILABILITY = YES_AGGRESSIVE;
				CLANG_WARN_UNREACHABLE_CODE = YES;
				CLANG_WARN__DUPLICATE_METHOD_MATCH = YES;
				COPY_PHASE_STRIP = NO;
				DEBUG_INFORMATION_FORMAT = dwarf;
				ENABLE_STRICT_OBJC_MSGSEND = YES;
				ENABLE_TESTABILITY = YES;
				GCC_C_LANGUAGE_STANDARD = gnu11;
				GCC_DYNAMIC_NO_PIC = NO;
				GCC_NO_COMMON_BLOCKS = YES;
				GCC_OPTIMIZATION_LEVEL = 0;
				GCC_PREPROCESSOR_DEFINITIONS = (
					"DEBUG=1",
					"$(inherited)",
				);
				GCC_WARN_64_TO_32_BIT_CONVERSION = YES;
				GCC_WARN_ABOUT_RETURN_TYPE = YES_ERROR;
				GCC_WARN_UNDECLARED_SELECTOR = YES;
				GCC_WARN_UNINITIALIZED_AUTOS = YES_AGGRESSIVE;
				GCC_WARN_UNUSED_FUNCTION = YES;
				GCC_WARN_UNUSED_VARIABLE = YES;
				IPHONEOS_DEPLOYMENT_TARGET = 13.4;
				MTL_ENABLE_DEBUG_INFO = INCLUDE_SOURCE;
				MTL_FAST_MATH = YES;
				ONLY_ACTIVE_ARCH = YES;
				SDKROOT = iphoneos;
				SWIFT_ACTIVE_COMPILATION_CONDITIONS = DEBUG;
				SWIFT_OPTIMIZATION_LEVEL = "-Onone";
			};
			name = Debug;
		};
		625B0DD524516C5500BEA2BC /* Release */ = {
			isa = XCBuildConfiguration;
			buildSettings = {
				ALWAYS_SEARCH_USER_PATHS = NO;
				CLANG_ANALYZER_NONNULL = YES;
				CLANG_ANALYZER_NUMBER_OBJECT_CONVERSION = YES_AGGRESSIVE;
				CLANG_CXX_LANGUAGE_STANDARD = "gnu++14";
				CLANG_CXX_LIBRARY = "libc++";
				CLANG_ENABLE_MODULES = YES;
				CLANG_ENABLE_OBJC_ARC = YES;
				CLANG_ENABLE_OBJC_WEAK = YES;
				CLANG_WARN_BLOCK_CAPTURE_AUTORELEASING = YES;
				CLANG_WARN_BOOL_CONVERSION = YES;
				CLANG_WARN_COMMA = YES;
				CLANG_WARN_CONSTANT_CONVERSION = YES;
				CLANG_WARN_DEPRECATED_OBJC_IMPLEMENTATIONS = YES;
				CLANG_WARN_DIRECT_OBJC_ISA_USAGE = YES_ERROR;
				CLANG_WARN_DOCUMENTATION_COMMENTS = YES;
				CLANG_WARN_EMPTY_BODY = YES;
				CLANG_WARN_ENUM_CONVERSION = YES;
				CLANG_WARN_INFINITE_RECURSION = YES;
				CLANG_WARN_INT_CONVERSION = YES;
				CLANG_WARN_NON_LITERAL_NULL_CONVERSION = YES;
				CLANG_WARN_OBJC_IMPLICIT_RETAIN_SELF = YES;
				CLANG_WARN_OBJC_LITERAL_CONVERSION = YES;
				CLANG_WARN_OBJC_ROOT_CLASS = YES_ERROR;
				CLANG_WARN_RANGE_LOOP_ANALYSIS = YES;
				CLANG_WARN_STRICT_PROTOTYPES = YES;
				CLANG_WARN_SUSPICIOUS_MOVE = YES;
				CLANG_WARN_UNGUARDED_AVAILABILITY = YES_AGGRESSIVE;
				CLANG_WARN_UNREACHABLE_CODE = YES;
				CLANG_WARN__DUPLICATE_METHOD_MATCH = YES;
				COPY_PHASE_STRIP = NO;
				DEBUG_INFORMATION_FORMAT = "dwarf-with-dsym";
				ENABLE_NS_ASSERTIONS = NO;
				ENABLE_STRICT_OBJC_MSGSEND = YES;
				GCC_C_LANGUAGE_STANDARD = gnu11;
				GCC_NO_COMMON_BLOCKS = YES;
				GCC_WARN_64_TO_32_BIT_CONVERSION = YES;
				GCC_WARN_ABOUT_RETURN_TYPE = YES_ERROR;
				GCC_WARN_UNDECLARED_SELECTOR = YES;
				GCC_WARN_UNINITIALIZED_AUTOS = YES_AGGRESSIVE;
				GCC_WARN_UNUSED_FUNCTION = YES;
				GCC_WARN_UNUSED_VARIABLE = YES;
				IPHONEOS_DEPLOYMENT_TARGET = 13.4;
				MTL_ENABLE_DEBUG_INFO = NO;
				MTL_FAST_MATH = YES;
				SDKROOT = iphoneos;
				SWIFT_COMPILATION_MODE = wholemodule;
				SWIFT_OPTIMIZATION_LEVEL = "-O";
				VALIDATE_PRODUCT = YES;
			};
			name = Release;
		};
		625B0DD724516C5500BEA2BC /* Debug */ = {
			isa = XCBuildConfiguration;
			buildSettings = {
				ASSETCATALOG_COMPILER_APPICON_NAME = AppIcon;
				CODE_SIGN_STYLE = Automatic;
				DEVELOPMENT_ASSET_PATHS = "\"gps-telling/Preview Content\"";
				DEVELOPMENT_TEAM = 5Q488G86T2;
				ENABLE_PREVIEWS = YES;
				INFOPLIST_FILE = "gps-telling/Info.plist";
				LD_RUNPATH_SEARCH_PATHS = (
					"$(inherited)",
					"@executable_path/Frameworks",
				);
				PRODUCT_BUNDLE_IDENTIFIER = "com.aoikazto.gps-telling";
				PRODUCT_NAME = "$(TARGET_NAME)";
				SWIFT_VERSION = 5.0;
				TARGETED_DEVICE_FAMILY = "1,2";
			};
			name = Debug;
		};
		625B0DD824516C5500BEA2BC /* Release */ = {
			isa = XCBuildConfiguration;
			buildSettings = {
				ASSETCATALOG_COMPILER_APPICON_NAME = AppIcon;
				CODE_SIGN_STYLE = Automatic;
				DEVELOPMENT_ASSET_PATHS = "\"gps-telling/Preview Content\"";
				DEVELOPMENT_TEAM = 5Q488G86T2;
				ENABLE_PREVIEWS = YES;
				INFOPLIST_FILE = "gps-telling/Info.plist";
				LD_RUNPATH_SEARCH_PATHS = (
					"$(inherited)",
					"@executable_path/Frameworks",
				);
				PRODUCT_BUNDLE_IDENTIFIER = "com.aoikazto.gps-telling";
				PRODUCT_NAME = "$(TARGET_NAME)";
				SWIFT_VERSION = 5.0;
				TARGETED_DEVICE_FAMILY = "1,2";
			};
			name = Release;
		};
/* End XCBuildConfiguration section */

/* Begin XCConfigurationList section */
		625B0DBD24516C5300BEA2BC /* Build configuration list for PBXProject "gps-telling" */ = {
			isa = XCConfigurationList;
			buildConfigurations = (
				625B0DD424516C5500BEA2BC /* Debug */,
				625B0DD524516C5500BEA2BC /* Release */,
			);
			defaultConfigurationIsVisible = 0;
			defaultConfigurationName = Release;
		};
		625B0DD624516C5500BEA2BC /* Build configuration list for PBXNativeTarget "gps-telling" */ = {
			isa = XCConfigurationList;
			buildConfigurations = (
				625B0DD724516C5500BEA2BC /* Debug */,
				625B0DD824516C5500BEA2BC /* Release */,
			);
			defaultConfigurationIsVisible = 0;
			defaultConfigurationName = Release;
		};
/* End XCConfigurationList section */
	};
	rootObject = 625B0DBA24516C5300BEA2BC /* Project object */;
}
