// !$*UTF8*$!
{
	archiveVersion = 1;
	classes = {
	};
	objectVersion = 50;
	objects = {

/* Begin PBXBuildFile section */
		62CA92CA23F83D56007AEDFC /* AppDelegate.swift in Sources */ = {isa = PBXBuildFile; fileRef = 62CA92C923F83D56007AEDFC /* AppDelegate.swift */; };
		62CA92CC23F83D56007AEDFC /* ContentView.swift in Sources */ = {isa = PBXBuildFile; fileRef = 62CA92CB23F83D56007AEDFC /* ContentView.swift */; };
		62CA92CE23F83D56007AEDFC /* Assets.xcassets in Resources */ = {isa = PBXBuildFile; fileRef = 62CA92CD23F83D56007AEDFC /* Assets.xcassets */; };
		62CA92D123F83D56007AEDFC /* Preview Assets.xcassets in Resources */ = {isa = PBXBuildFile; fileRef = 62CA92D023F83D56007AEDFC /* Preview Assets.xcassets */; };
		62CA92D423F83D56007AEDFC /* Main.storyboard in Resources */ = {isa = PBXBuildFile; fileRef = 62CA92D223F83D56007AEDFC /* Main.storyboard */; };
/* End PBXBuildFile section */

/* Begin PBXFileReference section */
		62CA92C623F83D56007AEDFC /* PC-Room.app */ = {isa = PBXFileReference; explicitFileType = wrapper.application; includeInIndex = 0; path = "PC-Room.app"; sourceTree = BUILT_PRODUCTS_DIR; };
		62CA92C923F83D56007AEDFC /* AppDelegate.swift */ = {isa = PBXFileReference; lastKnownFileType = sourcecode.swift; path = AppDelegate.swift; sourceTree = "<group>"; };
		62CA92CB23F83D56007AEDFC /* ContentView.swift */ = {isa = PBXFileReference; lastKnownFileType = sourcecode.swift; path = ContentView.swift; sourceTree = "<group>"; };
		62CA92CD23F83D56007AEDFC /* Assets.xcassets */ = {isa = PBXFileReference; lastKnownFileType = folder.assetcatalog; path = Assets.xcassets; sourceTree = "<group>"; };
		62CA92D023F83D56007AEDFC /* Preview Assets.xcassets */ = {isa = PBXFileReference; lastKnownFileType = folder.assetcatalog; path = "Preview Assets.xcassets"; sourceTree = "<group>"; };
		62CA92D323F83D56007AEDFC /* Base */ = {isa = PBXFileReference; lastKnownFileType = file.storyboard; name = Base; path = Base.lproj/Main.storyboard; sourceTree = "<group>"; };
		62CA92D523F83D56007AEDFC /* Info.plist */ = {isa = PBXFileReference; lastKnownFileType = text.plist.xml; path = Info.plist; sourceTree = "<group>"; };
		62CA92D623F83D56007AEDFC /* PC_Room.entitlements */ = {isa = PBXFileReference; lastKnownFileType = text.plist.entitlements; path = PC_Room.entitlements; sourceTree = "<group>"; };
/* End PBXFileReference section */

/* Begin PBXFrameworksBuildPhase section */
		62CA92C323F83D56007AEDFC /* Frameworks */ = {
			isa = PBXFrameworksBuildPhase;
			buildActionMask = 2147483647;
			files = (
			);
			runOnlyForDeploymentPostprocessing = 0;
		};
/* End PBXFrameworksBuildPhase section */

/* Begin PBXGroup section */
		62CA92BD23F83D56007AEDFC = {
			isa = PBXGroup;
			children = (
				62CA92C823F83D56007AEDFC /* PC-Room */,
				62CA92C723F83D56007AEDFC /* Products */,
			);
			sourceTree = "<group>";
		};
		62CA92C723F83D56007AEDFC /* Products */ = {
			isa = PBXGroup;
			children = (
				62CA92C623F83D56007AEDFC /* PC-Room.app */,
			);
			name = Products;
			sourceTree = "<group>";
		};
		62CA92C823F83D56007AEDFC /* PC-Room */ = {
			isa = PBXGroup;
			children = (
				62CA92C923F83D56007AEDFC /* AppDelegate.swift */,
				62CA92CB23F83D56007AEDFC /* ContentView.swift */,
				62CA92CD23F83D56007AEDFC /* Assets.xcassets */,
				62CA92D223F83D56007AEDFC /* Main.storyboard */,
				62CA92D523F83D56007AEDFC /* Info.plist */,
				62CA92D623F83D56007AEDFC /* PC_Room.entitlements */,
				62CA92CF23F83D56007AEDFC /* Preview Content */,
			);
			path = "PC-Room";
			sourceTree = "<group>";
		};
		62CA92CF23F83D56007AEDFC /* Preview Content */ = {
			isa = PBXGroup;
			children = (
				62CA92D023F83D56007AEDFC /* Preview Assets.xcassets */,
			);
			path = "Preview Content";
			sourceTree = "<group>";
		};
/* End PBXGroup section */

/* Begin PBXNativeTarget section */
		62CA92C523F83D56007AEDFC /* PC-Room */ = {
			isa = PBXNativeTarget;
			buildConfigurationList = 62CA92D923F83D56007AEDFC /* Build configuration list for PBXNativeTarget "PC-Room" */;
			buildPhases = (
				62CA92C223F83D56007AEDFC /* Sources */,
				62CA92C323F83D56007AEDFC /* Frameworks */,
				62CA92C423F83D56007AEDFC /* Resources */,
			);
			buildRules = (
			);
			dependencies = (
			);
			name = "PC-Room";
			productName = "PC-Room";
			productReference = 62CA92C623F83D56007AEDFC /* PC-Room.app */;
			productType = "com.apple.product-type.application";
		};
/* End PBXNativeTarget section */

/* Begin PBXProject section */
		62CA92BE23F83D56007AEDFC /* Project object */ = {
			isa = PBXProject;
			attributes = {
				LastSwiftUpdateCheck = 1130;
				LastUpgradeCheck = 1130;
				ORGANIZATIONNAME = Aoikazto;
				TargetAttributes = {
					62CA92C523F83D56007AEDFC = {
						CreatedOnToolsVersion = 11.3.1;
					};
				};
			};
			buildConfigurationList = 62CA92C123F83D56007AEDFC /* Build configuration list for PBXProject "PC-Room" */;
			compatibilityVersion = "Xcode 9.3";
			developmentRegion = en;
			hasScannedForEncodings = 0;
			knownRegions = (
				en,
				Base,
			);
			mainGroup = 62CA92BD23F83D56007AEDFC;
			productRefGroup = 62CA92C723F83D56007AEDFC /* Products */;
			projectDirPath = "";
			projectRoot = "";
			targets = (
				62CA92C523F83D56007AEDFC /* PC-Room */,
			);
		};
/* End PBXProject section */

/* Begin PBXResourcesBuildPhase section */
		62CA92C423F83D56007AEDFC /* Resources */ = {
			isa = PBXResourcesBuildPhase;
			buildActionMask = 2147483647;
			files = (
				62CA92D423F83D56007AEDFC /* Main.storyboard in Resources */,
				62CA92D123F83D56007AEDFC /* Preview Assets.xcassets in Resources */,
				62CA92CE23F83D56007AEDFC /* Assets.xcassets in Resources */,
			);
			runOnlyForDeploymentPostprocessing = 0;
		};
/* End PBXResourcesBuildPhase section */

/* Begin PBXSourcesBuildPhase section */
		62CA92C223F83D56007AEDFC /* Sources */ = {
			isa = PBXSourcesBuildPhase;
			buildActionMask = 2147483647;
			files = (
				62CA92CC23F83D56007AEDFC /* ContentView.swift in Sources */,
				62CA92CA23F83D56007AEDFC /* AppDelegate.swift in Sources */,
			);
			runOnlyForDeploymentPostprocessing = 0;
		};
/* End PBXSourcesBuildPhase section */

/* Begin PBXVariantGroup section */
		62CA92D223F83D56007AEDFC /* Main.storyboard */ = {
			isa = PBXVariantGroup;
			children = (
				62CA92D323F83D56007AEDFC /* Base */,
			);
			name = Main.storyboard;
			sourceTree = "<group>";
		};
/* End PBXVariantGroup section */

/* Begin XCBuildConfiguration section */
		62CA92D723F83D56007AEDFC /* Debug */ = {
			isa = XCBuildConfiguration;
			buildSettings = {
				ALWAYS_SEARCH_USER_PATHS = NO;
				CLANG_ANALYZER_NONNULL = YES;
				CLANG_ANALYZER_NUMBER_OBJECT_CONVERSION = YES_AGGRESSIVE;
				CLANG_CXX_LANGUAGE_STANDARD = "gnu++14";
				CLANG_CXX_LIBRARY = "libc++";
				CLANG_ENABLE_MODULES = YES;
				CLANG_ENABLE_OBJC_ARC = YES;
				CLANG_ENABLE_OBJC_WEAK = YES;
				CLANG_WARN_BLOCK_CAPTURE_AUTORELEASING = YES;
				CLANG_WARN_BOOL_CONVERSION = YES;
				CLANG_WARN_COMMA = YES;
				CLANG_WARN_CONSTANT_CONVERSION = YES;
				CLANG_WARN_DEPRECATED_OBJC_IMPLEMENTATIONS = YES;
				CLANG_WARN_DIRECT_OBJC_ISA_USAGE = YES_ERROR;
				CLANG_WARN_DOCUMENTATION_COMMENTS = YES;
				CLANG_WARN_EMPTY_BODY = YES;
				CLANG_WARN_ENUM_CONVERSION = YES;
				CLANG_WARN_INFINITE_RECURSION = YES;
				CLANG_WARN_INT_CONVERSION = YES;
				CLANG_WARN_NON_LITERAL_NULL_CONVERSION = YES;
				CLANG_WARN_OBJC_IMPLICIT_RETAIN_SELF = YES;
				CLANG_WARN_OBJC_LITERAL_CONVERSION = YES;
				CLANG_WARN_OBJC_ROOT_CLASS = YES_ERROR;
				CLANG_WARN_RANGE_LOOP_ANALYSIS = YES;
				CLANG_WARN_STRICT_PROTOTYPES = YES;
				CLANG_WARN_SUSPICIOUS_MOVE = YES;
				CLANG_WARN_UNGUARDED_AVAILABILITY = YES_AGGRESSIVE;
				CLANG_WARN_UNREACHABLE_CODE = YES;
				CLANG_WARN__DUPLICATE_METHOD_MATCH = YES;
				COPY_PHASE_STRIP = NO;
				DEBUG_INFORMATION_FORMAT = dwarf;
				ENABLE_STRICT_OBJC_MSGSEND = YES;
				ENABLE_TESTABILITY = YES;
				GCC_C_LANGUAGE_STANDARD = gnu11;
				GCC_DYNAMIC_NO_PIC = NO;
				GCC_NO_COMMON_BLOCKS = YES;
				GCC_OPTIMIZATION_LEVEL = 0;
				GCC_PREPROCESSOR_DEFINITIONS = (
					"DEBUG=1",
					"$(inherited)",
				);
				GCC_WARN_64_TO_32_BIT_CONVERSION = YES;
				GCC_WARN_ABOUT_RETURN_TYPE = YES_ERROR;
				GCC_WARN_UNDECLARED_SELECTOR = YES;
				GCC_WARN_UNINITIALIZED_AUTOS = YES_AGGRESSIVE;
				GCC_WARN_UNUSED_FUNCTION = YES;
				GCC_WARN_UNUSED_VARIABLE = YES;
				MACOSX_DEPLOYMENT_TARGET = 10.15;
				MTL_ENABLE_DEBUG_INFO = INCLUDE_SOURCE;
				MTL_FAST_MATH = YES;
				ONLY_ACTIVE_ARCH = YES;
				SDKROOT = macosx;
				SWIFT_ACTIVE_COMPILATION_CONDITIONS = DEBUG;
				SWIFT_OPTIMIZATION_LEVEL = "-Onone";
			};
			name = Debug;
		};
		62CA92D823F83D56007AEDFC /* Release */ = {
			isa = XCBuildConfiguration;
			buildSettings = {
				ALWAYS_SEARCH_USER_PATHS = NO;
				CLANG_ANALYZER_NONNULL = YES;
				CLANG_ANALYZER_NUMBER_OBJECT_CONVERSION = YES_AGGRESSIVE;
				CLANG_CXX_LANGUAGE_STANDARD = "gnu++14";
				CLANG_CXX_LIBRARY = "libc++";
				CLANG_ENABLE_MODULES = YES;
				CLANG_ENABLE_OBJC_ARC = YES;
				CLANG_ENABLE_OBJC_WEAK = YES;
				CLANG_WARN_BLOCK_CAPTURE_AUTORELEASING = YES;
				CLANG_WARN_BOOL_CONVERSION = YES;
				CLANG_WARN_COMMA = YES;
				CLANG_WARN_CONSTANT_CONVERSION = YES;
				CLANG_WARN_DEPRECATED_OBJC_IMPLEMENTATIONS = YES;
				CLANG_WARN_DIRECT_OBJC_ISA_USAGE = YES_ERROR;
				CLANG_WARN_DOCUMENTATION_COMMENTS = YES;
				CLANG_WARN_EMPTY_BODY = YES;
				CLANG_WARN_ENUM_CONVERSION = YES;
				CLANG_WARN_INFINITE_RECURSION = YES;
				CLANG_WARN_INT_CONVERSION = YES;
				CLANG_WARN_NON_LITERAL_NULL_CONVERSION = YES;
				CLANG_WARN_OBJC_IMPLICIT_RETAIN_SELF = YES;
				CLANG_WARN_OBJC_LITERAL_CONVERSION = YES;
				CLANG_WARN_OBJC_ROOT_CLASS = YES_ERROR;
				CLANG_WARN_RANGE_LOOP_ANALYSIS = YES;
				CLANG_WARN_STRICT_PROTOTYPES = YES;
				CLANG_WARN_SUSPICIOUS_MOVE = YES;
				CLANG_WARN_UNGUARDED_AVAILABILITY = YES_AGGRESSIVE;
				CLANG_WARN_UNREACHABLE_CODE = YES;
				CLANG_WARN__DUPLICATE_METHOD_MATCH = YES;
				COPY_PHASE_STRIP = NO;
				DEBUG_INFORMATION_FORMAT = "dwarf-with-dsym";
				ENABLE_NS_ASSERTIONS = NO;
				ENABLE_STRICT_OBJC_MSGSEND = YES;
				GCC_C_LANGUAGE_STANDARD = gnu11;
				GCC_NO_COMMON_BLOCKS = YES;
				GCC_WARN_64_TO_32_BIT_CONVERSION = YES;
				GCC_WARN_ABOUT_RETURN_TYPE = YES_ERROR;
				GCC_WARN_UNDECLARED_SELECTOR = YES;
				GCC_WARN_UNINITIALIZED_AUTOS = YES_AGGRESSIVE;
				GCC_WARN_UNUSED_FUNCTION = YES;
				GCC_WARN_UNUSED_VARIABLE = YES;
				MACOSX_DEPLOYMENT_TARGET = 10.15;
				MTL_ENABLE_DEBUG_INFO = NO;
				MTL_FAST_MATH = YES;
				SDKROOT = macosx;
				SWIFT_COMPILATION_MODE = wholemodule;
				SWIFT_OPTIMIZATION_LEVEL = "-O";
			};
			name = Release;
		};
		62CA92DA23F83D56007AEDFC /* Debug */ = {
			isa = XCBuildConfiguration;
			buildSettings = {
				ASSETCATALOG_COMPILER_APPICON_NAME = AppIcon;
				CODE_SIGN_ENTITLEMENTS = "PC-Room/PC_Room.entitlements";
				CODE_SIGN_STYLE = Automatic;
				COMBINE_HIDPI_IMAGES = YES;
				DEVELOPMENT_ASSET_PATHS = "\"PC-Room/Preview Content\"";
				DEVELOPMENT_TEAM = 5Q488G86T2;
				ENABLE_HARDENED_RUNTIME = YES;
				ENABLE_PREVIEWS = YES;
				INFOPLIST_FILE = "PC-Room/Info.plist";
				LD_RUNPATH_SEARCH_PATHS = (
					"$(inherited)",
					"@executable_path/../Frameworks",
				);
				MACOSX_DEPLOYMENT_TARGET = 10.15;
				PRODUCT_BUNDLE_IDENTIFIER = "com.aoikazto.PC-Room";
				PRODUCT_NAME = "$(TARGET_NAME)";
				SWIFT_VERSION = 5.0;
			};
			name = Debug;
		};
		62CA92DB23F83D56007AEDFC /* Release */ = {
			isa = XCBuildConfiguration;
			buildSettings = {
				ASSETCATALOG_COMPILER_APPICON_NAME = AppIcon;
				CODE_SIGN_ENTITLEMENTS = "PC-Room/PC_Room.entitlements";
				CODE_SIGN_STYLE = Automatic;
				COMBINE_HIDPI_IMAGES = YES;
				DEVELOPMENT_ASSET_PATHS = "\"PC-Room/Preview Content\"";
				DEVELOPMENT_TEAM = 5Q488G86T2;
				ENABLE_HARDENED_RUNTIME = YES;
				ENABLE_PREVIEWS = YES;
				INFOPLIST_FILE = "PC-Room/Info.plist";
				LD_RUNPATH_SEARCH_PATHS = (
					"$(inherited)",
					"@executable_path/../Frameworks",
				);
				MACOSX_DEPLOYMENT_TARGET = 10.15;
				PRODUCT_BUNDLE_IDENTIFIER = "com.aoikazto.PC-Room";
				PRODUCT_NAME = "$(TARGET_NAME)";
				SWIFT_VERSION = 5.0;
			};
			name = Release;
		};
/* End XCBuildConfiguration section */

/* Begin XCConfigurationList section */
		62CA92C123F83D56007AEDFC /* Build configuration list for PBXProject "PC-Room" */ = {
			isa = XCConfigurationList;
			buildConfigurations = (
				62CA92D723F83D56007AEDFC /* Debug */,
				62CA92D823F83D56007AEDFC /* Release */,
			);
			defaultConfigurationIsVisible = 0;
			defaultConfigurationName = Release;
		};
		62CA92D923F83D56007AEDFC /* Build configuration list for PBXNativeTarget "PC-Room" */ = {
			isa = XCConfigurationList;
			buildConfigurations = (
				62CA92DA23F83D56007AEDFC /* Debug */,
				62CA92DB23F83D56007AEDFC /* Release */,
			);
			defaultConfigurationIsVisible = 0;
			defaultConfigurationName = Release;
		};
/* End XCConfigurationList section */
	};
	rootObject = 62CA92BE23F83D56007AEDFC /* Project object */;
}
